// !$*UTF8*$!
{
	archiveVersion = 1;
	classes = {
	};
	objectVersion = 50;
	objects = {

/* Begin PBXBuildFile section */
		F4F4F3BC240CFABD00636764 /* AppDelegate.swift in Sources */ = {isa = PBXBuildFile; fileRef = F4F4F3BB240CFABD00636764 /* AppDelegate.swift */; };
		F4F4F3BE240CFABD00636764 /* SceneDelegate.swift in Sources */ = {isa = PBXBuildFile; fileRef = F4F4F3BD240CFABD00636764 /* SceneDelegate.swift */; };
		F4F4F3C0240CFABD00636764 /* ViewController.swift in Sources */ = {isa = PBXBuildFile; fileRef = F4F4F3BF240CFABD00636764 /* ViewController.swift */; };
		F4F4F3C3240CFABD00636764 /* Main.storyboard in Resources */ = {isa = PBXBuildFile; fileRef = F4F4F3C1240CFABD00636764 /* Main.storyboard */; };
		F4F4F3C5240CFAC000636764 /* Assets.xcassets in Resources */ = {isa = PBXBuildFile; fileRef = F4F4F3C4240CFAC000636764 /* Assets.xcassets */; };
		F4F4F3C8240CFAC000636764 /* LaunchScreen.storyboard in Resources */ = {isa = PBXBuildFile; fileRef = F4F4F3C6240CFAC000636764 /* LaunchScreen.storyboard */; };
		F4F4F3D0240CFBAF00636764 /* Connectable.swift in Sources */ = {isa = PBXBuildFile; fileRef = F4F4F3CF240CFBAF00636764 /* Connectable.swift */; };
		F4F4F3D2240CFBD900636764 /* AnimationView.swift in Sources */ = {isa = PBXBuildFile; fileRef = F4F4F3D1240CFBD900636764 /* AnimationView.swift */; };
		F4F4F3D4240CFBF700636764 /* AnimationView.xib in Resources */ = {isa = PBXBuildFile; fileRef = F4F4F3D3240CFBF700636764 /* AnimationView.xib */; };
		F4F4F3D6240CFE7800636764 /* CustomView.swift in Sources */ = {isa = PBXBuildFile; fileRef = F4F4F3D5240CFE7800636764 /* CustomView.swift */; };
		F4F4F3D8240CFF1F00636764 /* RotateAnimationView.swift in Sources */ = {isa = PBXBuildFile; fileRef = F4F4F3D7240CFF1F00636764 /* RotateAnimationView.swift */; };
		F4F4F3DB240CFF4000636764 /* RotateAnimationView.xib in Resources */ = {isa = PBXBuildFile; fileRef = F4F4F3DA240CFF4000636764 /* RotateAnimationView.xib */; };
		F4F4F3E0240D019600636764 /* AnimationViewConfig.swift in Sources */ = {isa = PBXBuildFile; fileRef = F4F4F3DF240D019600636764 /* AnimationViewConfig.swift */; };
		F4F4F3E2240D023200636764 /* RotateAnimationViewConfig.swift in Sources */ = {isa = PBXBuildFile; fileRef = F4F4F3E1240D023200636764 /* RotateAnimationViewConfig.swift */; };
		F4F4F3E5240D03E400636764 /* RotateAnimateProtocol.swift in Sources */ = {isa = PBXBuildFile; fileRef = F4F4F3E4240D03E400636764 /* RotateAnimateProtocol.swift */; };
/* End PBXBuildFile section */

/* Begin PBXFileReference section */
		F4F4F3B8240CFABD00636764 /* AnimationView.app */ = {isa = PBXFileReference; explicitFileType = wrapper.application; includeInIndex = 0; path = AnimationView.app; sourceTree = BUILT_PRODUCTS_DIR; };
		F4F4F3BB240CFABD00636764 /* AppDelegate.swift */ = {isa = PBXFileReference; lastKnownFileType = sourcecode.swift; path = AppDelegate.swift; sourceTree = "<group>"; };
		F4F4F3BD240CFABD00636764 /* SceneDelegate.swift */ = {isa = PBXFileReference; lastKnownFileType = sourcecode.swift; path = SceneDelegate.swift; sourceTree = "<group>"; };
		F4F4F3BF240CFABD00636764 /* ViewController.swift */ = {isa = PBXFileReference; lastKnownFileType = sourcecode.swift; path = ViewController.swift; sourceTree = "<group>"; };
		F4F4F3C2240CFABD00636764 /* Base */ = {isa = PBXFileReference; lastKnownFileType = file.storyboard; name = Base; path = Base.lproj/Main.storyboard; sourceTree = "<group>"; };
		F4F4F3C4240CFAC000636764 /* Assets.xcassets */ = {isa = PBXFileReference; lastKnownFileType = folder.assetcatalog; path = Assets.xcassets; sourceTree = "<group>"; };
		F4F4F3C7240CFAC000636764 /* Base */ = {isa = PBXFileReference; lastKnownFileType = file.storyboard; name = Base; path = Base.lproj/LaunchScreen.storyboard; sourceTree = "<group>"; };
		F4F4F3C9240CFAC000636764 /* Info.plist */ = {isa = PBXFileReference; lastKnownFileType = text.plist.xml; path = Info.plist; sourceTree = "<group>"; };
		F4F4F3CF240CFBAF00636764 /* Connectable.swift */ = {isa = PBXFileReference; fileEncoding = 4; lastKnownFileType = sourcecode.swift; path = Connectable.swift; sourceTree = "<group>"; };
		F4F4F3D1240CFBD900636764 /* AnimationView.swift */ = {isa = PBXFileReference; lastKnownFileType = sourcecode.swift; path = AnimationView.swift; sourceTree = "<group>"; };
		F4F4F3D3240CFBF700636764 /* AnimationView.xib */ = {isa = PBXFileReference; lastKnownFileType = file.xib; path = AnimationView.xib; sourceTree = "<group>"; };
		F4F4F3D5240CFE7800636764 /* CustomView.swift */ = {isa = PBXFileReference; lastKnownFileType = sourcecode.swift; path = CustomView.swift; sourceTree = "<group>"; };
		F4F4F3D7240CFF1F00636764 /* RotateAnimationView.swift */ = {isa = PBXFileReference; lastKnownFileType = sourcecode.swift; path = RotateAnimationView.swift; sourceTree = "<group>"; };
		F4F4F3DA240CFF4000636764 /* RotateAnimationView.xib */ = {isa = PBXFileReference; lastKnownFileType = file.xib; path = RotateAnimationView.xib; sourceTree = "<group>"; };
		F4F4F3DF240D019600636764 /* AnimationViewConfig.swift */ = {isa = PBXFileReference; lastKnownFileType = sourcecode.swift; path = AnimationViewConfig.swift; sourceTree = "<group>"; };
		F4F4F3E1240D023200636764 /* RotateAnimationViewConfig.swift */ = {isa = PBXFileReference; lastKnownFileType = sourcecode.swift; path = RotateAnimationViewConfig.swift; sourceTree = "<group>"; };
		F4F4F3E4240D03E400636764 /* RotateAnimateProtocol.swift */ = {isa = PBXFileReference; lastKnownFileType = sourcecode.swift; path = RotateAnimateProtocol.swift; sourceTree = "<group>"; };
/* End PBXFileReference section */

/* Begin PBXFrameworksBuildPhase section */
		F4F4F3B5240CFABD00636764 /* Frameworks */ = {
			isa = PBXFrameworksBuildPhase;
			buildActionMask = 2147483647;
			files = (
			);
			runOnlyForDeploymentPostprocessing = 0;
		};
/* End PBXFrameworksBuildPhase section */

/* Begin PBXGroup section */
		F432906B240D6F7500E327AC /* Resources */ = {
			isa = PBXGroup;
			children = (
				F4F4F3CF240CFBAF00636764 /* Connectable.swift */,
				F4F4F3C6240CFAC000636764 /* LaunchScreen.storyboard */,
				F4F4F3BD240CFABD00636764 /* SceneDelegate.swift */,
				F4F4F3BB240CFABD00636764 /* AppDelegate.swift */,
			);
			path = Resources;
			sourceTree = "<group>";
		};
		F432906C240D6F9C00E327AC /* scene */ = {
			isa = PBXGroup;
			children = (
				F432906D240D705F00E327AC /* Main */,
			);
			path = scene;
			sourceTree = "<group>";
		};
		F432906D240D705F00E327AC /* Main */ = {
			isa = PBXGroup;
			children = (
				F4F4F3BF240CFABD00636764 /* ViewController.swift */,
				F4F4F3C1240CFABD00636764 /* Main.storyboard */,
			);
			path = Main;
			sourceTree = "<group>";
		};
		F4F4F3AF240CFABD00636764 = {
			isa = PBXGroup;
			children = (
				F4F4F3BA240CFABD00636764 /* AnimationView */,
				F4F4F3B9240CFABD00636764 /* Products */,
			);
			sourceTree = "<group>";
		};
		F4F4F3B9240CFABD00636764 /* Products */ = {
			isa = PBXGroup;
			children = (
				F4F4F3B8240CFABD00636764 /* AnimationView.app */,
			);
			name = Products;
			sourceTree = "<group>";
		};
		F4F4F3BA240CFABD00636764 /* AnimationView */ = {
			isa = PBXGroup;
			children = (
				F4F4F3C9240CFAC000636764 /* Info.plist */,
				F432906C240D6F9C00E327AC /* scene */,
				F432906B240D6F7500E327AC /* Resources */,
				F4F4F3DE240D017600636764 /* Component */,
				F4F4F3C4240CFAC000636764 /* Assets.xcassets */,
			);
			path = AnimationView;
			sourceTree = "<group>";
		};
		F4F4F3D9240CFF2800636764 /* View_Rotate */ = {
			isa = PBXGroup;
			children = (
			);
			path = View_Rotate;
			sourceTree = "<group>";
		};
		F4F4F3DC240D012A00636764 /* View_Animation */ = {
			isa = PBXGroup;
			children = (
				F4F4F3D1240CFBD900636764 /* AnimationView.swift */,
				F4F4F3D3240CFBF700636764 /* AnimationView.xib */,
				F4F4F3DF240D019600636764 /* AnimationViewConfig.swift */,
			);
			path = View_Animation;
			sourceTree = "<group>";
		};
		F4F4F3DD240D016C00636764 /* View_Custom */ = {
			isa = PBXGroup;
			children = (
				F4F4F3D5240CFE7800636764 /* CustomView.swift */,
			);
			path = View_Custom;
			sourceTree = "<group>";
		};
		F4F4F3DE240D017600636764 /* Component */ = {
			isa = PBXGroup;
			children = (
				F4F4F3E3240D03CE00636764 /* RotateAnimate */,
				F4F4F3DD240D016C00636764 /* View_Custom */,
				F4F4F3DC240D012A00636764 /* View_Animation */,
				F4F4F3D9240CFF2800636764 /* View_Rotate */,
			);
			path = Component;
			sourceTree = "<group>";
		};
		F4F4F3E3240D03CE00636764 /* RotateAnimate */ = {
			isa = PBXGroup;
			children = (
				F4F4F3E1240D023200636764 /* RotateAnimationViewConfig.swift */,
				F4F4F3D7240CFF1F00636764 /* RotateAnimationView.swift */,
				F4F4F3DA240CFF4000636764 /* RotateAnimationView.xib */,
				F4F4F3E4240D03E400636764 /* RotateAnimateProtocol.swift */,
			);
			path = RotateAnimate;
			sourceTree = "<group>";
		};
/* End PBXGroup section */

/* Begin PBXNativeTarget section */
		F4F4F3B7240CFABD00636764 /* AnimationView */ = {
			isa = PBXNativeTarget;
			buildConfigurationList = F4F4F3CC240CFAC000636764 /* Build configuration list for PBXNativeTarget "AnimationView" */;
			buildPhases = (
				F4F4F3B4240CFABD00636764 /* Sources */,
				F4F4F3B5240CFABD00636764 /* Frameworks */,
				F4F4F3B6240CFABD00636764 /* Resources */,
			);
			buildRules = (
			);
			dependencies = (
			);
			name = AnimationView;
			productName = AnimationView;
			productReference = F4F4F3B8240CFABD00636764 /* AnimationView.app */;
			productType = "com.apple.product-type.application";
		};
/* End PBXNativeTarget section */

/* Begin PBXProject section */
		F4F4F3B0240CFABD00636764 /* Project object */ = {
			isa = PBXProject;
			attributes = {
				LastSwiftUpdateCheck = 1130;
				LastUpgradeCheck = 1130;
				ORGANIZATIONNAME = "Clean-Coder";
				TargetAttributes = {
					F4F4F3B7240CFABD00636764 = {
						CreatedOnToolsVersion = 11.3.1;
					};
				};
			};
			buildConfigurationList = F4F4F3B3240CFABD00636764 /* Build configuration list for PBXProject "AnimationView" */;
			compatibilityVersion = "Xcode 9.3";
			developmentRegion = en;
			hasScannedForEncodings = 0;
			knownRegions = (
				en,
				Base,
			);
			mainGroup = F4F4F3AF240CFABD00636764;
			productRefGroup = F4F4F3B9240CFABD00636764 /* Products */;
			projectDirPath = "";
			projectRoot = "";
			targets = (
				F4F4F3B7240CFABD00636764 /* AnimationView */,
			);
		};
/* End PBXProject section */

/* Begin PBXResourcesBuildPhase section */
		F4F4F3B6240CFABD00636764 /* Resources */ = {
			isa = PBXResourcesBuildPhase;
			buildActionMask = 2147483647;
			files = (
				F4F4F3C8240CFAC000636764 /* LaunchScreen.storyboard in Resources */,
				F4F4F3D4240CFBF700636764 /* AnimationView.xib in Resources */,
				F4F4F3C5240CFAC000636764 /* Assets.xcassets in Resources */,
				F4F4F3C3240CFABD00636764 /* Main.storyboard in Resources */,
				F4F4F3DB240CFF4000636764 /* RotateAnimationView.xib in Resources */,
			);
			runOnlyForDeploymentPostprocessing = 0;
		};
/* End PBXResourcesBuildPhase section */

/* Begin PBXSourcesBuildPhase section */
		F4F4F3B4240CFABD00636764 /* Sources */ = {
			isa = PBXSourcesBuildPhase;
			buildActionMask = 2147483647;
			files = (
				F4F4F3C0240CFABD00636764 /* ViewController.swift in Sources */,
				F4F4F3D8240CFF1F00636764 /* RotateAnimationView.swift in Sources */,
				F4F4F3D2240CFBD900636764 /* AnimationView.swift in Sources */,
				F4F4F3BC240CFABD00636764 /* AppDelegate.swift in Sources */,
				F4F4F3D6240CFE7800636764 /* CustomView.swift in Sources */,
				F4F4F3E0240D019600636764 /* AnimationViewConfig.swift in Sources */,
				F4F4F3D0240CFBAF00636764 /* Connectable.swift in Sources */,
				F4F4F3BE240CFABD00636764 /* SceneDelegate.swift in Sources */,
				F4F4F3E5240D03E400636764 /* RotateAnimateProtocol.swift in Sources */,
				F4F4F3E2240D023200636764 /* RotateAnimationViewConfig.swift in Sources */,
			);
			runOnlyForDeploymentPostprocessing = 0;
		};
/* End PBXSourcesBuildPhase section */

/* Begin PBXVariantGroup section */
		F4F4F3C1240CFABD00636764 /* Main.storyboard */ = {
			isa = PBXVariantGroup;
			children = (
				F4F4F3C2240CFABD00636764 /* Base */,
			);
			name = Main.storyboard;
			sourceTree = "<group>";
		};
		F4F4F3C6240CFAC000636764 /* LaunchScreen.storyboard */ = {
			isa = PBXVariantGroup;
			children = (
				F4F4F3C7240CFAC000636764 /* Base */,
			);
			name = LaunchScreen.storyboard;
			sourceTree = "<group>";
		};
/* End PBXVariantGroup section */

/* Begin XCBuildConfiguration section */
		F4F4F3CA240CFAC000636764 /* Debug */ = {
			isa = XCBuildConfiguration;
			buildSettings = {
				ALWAYS_SEARCH_USER_PATHS = NO;
				CLANG_ANALYZER_NONNULL = YES;
				CLANG_ANALYZER_NUMBER_OBJECT_CONVERSION = YES_AGGRESSIVE;
				CLANG_CXX_LANGUAGE_STANDARD = "gnu++14";
				CLANG_CXX_LIBRARY = "libc++";
				CLANG_ENABLE_MODULES = YES;
				CLANG_ENABLE_OBJC_ARC = YES;
				CLANG_ENABLE_OBJC_WEAK = YES;
				CLANG_WARN_BLOCK_CAPTURE_AUTORELEASING = YES;
				CLANG_WARN_BOOL_CONVERSION = YES;
				CLANG_WARN_COMMA = YES;
				CLANG_WARN_CONSTANT_CONVERSION = YES;
				CLANG_WARN_DEPRECATED_OBJC_IMPLEMENTATIONS = YES;
				CLANG_WARN_DIRECT_OBJC_ISA_USAGE = YES_ERROR;
				CLANG_WARN_DOCUMENTATION_COMMENTS = YES;
				CLANG_WARN_EMPTY_BODY = YES;
				CLANG_WARN_ENUM_CONVERSION = YES;
				CLANG_WARN_INFINITE_RECURSION = YES;
				CLANG_WARN_INT_CONVERSION = YES;
				CLANG_WARN_NON_LITERAL_NULL_CONVERSION = YES;
				CLANG_WARN_OBJC_IMPLICIT_RETAIN_SELF = YES;
				CLANG_WARN_OBJC_LITERAL_CONVERSION = YES;
				CLANG_WARN_OBJC_ROOT_CLASS = YES_ERROR;
				CLANG_WARN_RANGE_LOOP_ANALYSIS = YES;
				CLANG_WARN_STRICT_PROTOTYPES = YES;
				CLANG_WARN_SUSPICIOUS_MOVE = YES;
				CLANG_WARN_UNGUARDED_AVAILABILITY = YES_AGGRESSIVE;
				CLANG_WARN_UNREACHABLE_CODE = YES;
				CLANG_WARN__DUPLICATE_METHOD_MATCH = YES;
				COPY_PHASE_STRIP = NO;
				DEBUG_INFORMATION_FORMAT = dwarf;
				ENABLE_STRICT_OBJC_MSGSEND = YES;
				ENABLE_TESTABILITY = YES;
				GCC_C_LANGUAGE_STANDARD = gnu11;
				GCC_DYNAMIC_NO_PIC = NO;
				GCC_NO_COMMON_BLOCKS = YES;
				GCC_OPTIMIZATION_LEVEL = 0;
				GCC_PREPROCESSOR_DEFINITIONS = (
					"DEBUG=1",
					"$(inherited)",
				);
				GCC_WARN_64_TO_32_BIT_CONVERSION = YES;
				GCC_WARN_ABOUT_RETURN_TYPE = YES_ERROR;
				GCC_WARN_UNDECLARED_SELECTOR = YES;
				GCC_WARN_UNINITIALIZED_AUTOS = YES_AGGRESSIVE;
				GCC_WARN_UNUSED_FUNCTION = YES;
				GCC_WARN_UNUSED_VARIABLE = YES;
				IPHONEOS_DEPLOYMENT_TARGET = 13.2;
				MTL_ENABLE_DEBUG_INFO = INCLUDE_SOURCE;
				MTL_FAST_MATH = YES;
				ONLY_ACTIVE_ARCH = YES;
				SDKROOT = iphoneos;
				SWIFT_ACTIVE_COMPILATION_CONDITIONS = DEBUG;
				SWIFT_OPTIMIZATION_LEVEL = "-Onone";
			};
			name = Debug;
		};
		F4F4F3CB240CFAC000636764 /* Release */ = {
			isa = XCBuildConfiguration;
			buildSettings = {
				ALWAYS_SEARCH_USER_PATHS = NO;
				CLANG_ANALYZER_NONNULL = YES;
				CLANG_ANALYZER_NUMBER_OBJECT_CONVERSION = YES_AGGRESSIVE;
				CLANG_CXX_LANGUAGE_STANDARD = "gnu++14";
				CLANG_CXX_LIBRARY = "libc++";
				CLANG_ENABLE_MODULES = YES;
				CLANG_ENABLE_OBJC_ARC = YES;
				CLANG_ENABLE_OBJC_WEAK = YES;
				CLANG_WARN_BLOCK_CAPTURE_AUTORELEASING = YES;
				CLANG_WARN_BOOL_CONVERSION = YES;
				CLANG_WARN_COMMA = YES;
				CLANG_WARN_CONSTANT_CONVERSION = YES;
				CLANG_WARN_DEPRECATED_OBJC_IMPLEMENTATIONS = YES;
				CLANG_WARN_DIRECT_OBJC_ISA_USAGE = YES_ERROR;
				CLANG_WARN_DOCUMENTATION_COMMENTS = YES;
				CLANG_WARN_EMPTY_BODY = YES;
				CLANG_WARN_ENUM_CONVERSION = YES;
				CLANG_WARN_INFINITE_RECURSION = YES;
				CLANG_WARN_INT_CONVERSION = YES;
				CLANG_WARN_NON_LITERAL_NULL_CONVERSION = YES;
				CLANG_WARN_OBJC_IMPLICIT_RETAIN_SELF = YES;
				CLANG_WARN_OBJC_LITERAL_CONVERSION = YES;
				CLANG_WARN_OBJC_ROOT_CLASS = YES_ERROR;
				CLANG_WARN_RANGE_LOOP_ANALYSIS = YES;
				CLANG_WARN_STRICT_PROTOTYPES = YES;
				CLANG_WARN_SUSPICIOUS_MOVE = YES;
				CLANG_WARN_UNGUARDED_AVAILABILITY = YES_AGGRESSIVE;
				CLANG_WARN_UNREACHABLE_CODE = YES;
				CLANG_WARN__DUPLICATE_METHOD_MATCH = YES;
				COPY_PHASE_STRIP = NO;
				DEBUG_INFORMATION_FORMAT = "dwarf-with-dsym";
				ENABLE_NS_ASSERTIONS = NO;
				ENABLE_STRICT_OBJC_MSGSEND = YES;
				GCC_C_LANGUAGE_STANDARD = gnu11;
				GCC_NO_COMMON_BLOCKS = YES;
				GCC_WARN_64_TO_32_BIT_CONVERSION = YES;
				GCC_WARN_ABOUT_RETURN_TYPE = YES_ERROR;
				GCC_WARN_UNDECLARED_SELECTOR = YES;
				GCC_WARN_UNINITIALIZED_AUTOS = YES_AGGRESSIVE;
				GCC_WARN_UNUSED_FUNCTION = YES;
				GCC_WARN_UNUSED_VARIABLE = YES;
				IPHONEOS_DEPLOYMENT_TARGET = 13.2;
				MTL_ENABLE_DEBUG_INFO = NO;
				MTL_FAST_MATH = YES;
				SDKROOT = iphoneos;
				SWIFT_COMPILATION_MODE = wholemodule;
				SWIFT_OPTIMIZATION_LEVEL = "-O";
				VALIDATE_PRODUCT = YES;
			};
			name = Release;
		};
		F4F4F3CD240CFAC000636764 /* Debug */ = {
			isa = XCBuildConfiguration;
			buildSettings = {
				ASSETCATALOG_COMPILER_APPICON_NAME = AppIcon;
				CODE_SIGN_STYLE = Automatic;
				DEVELOPMENT_TEAM = 25V5D4DNE7;
				INFOPLIST_FILE = AnimationView/Info.plist;
				LD_RUNPATH_SEARCH_PATHS = (
					"$(inherited)",
					"@executable_path/Frameworks",
				);
				PRODUCT_BUNDLE_IDENTIFIER = com.animation.amir.AnimationView;
				PRODUCT_NAME = "$(TARGET_NAME)";
				SWIFT_VERSION = 5.0;
				TARGETED_DEVICE_FAMILY = "1,2";
			};
			name = Debug;
		};
		F4F4F3CE240CFAC000636764 /* Release */ = {
			isa = XCBuildConfiguration;
			buildSettings = {
				ASSETCATALOG_COMPILER_APPICON_NAME = AppIcon;
				CODE_SIGN_STYLE = Automatic;
				DEVELOPMENT_TEAM = 25V5D4DNE7;
				INFOPLIST_FILE = AnimationView/Info.plist;
				LD_RUNPATH_SEARCH_PATHS = (
					"$(inherited)",
					"@executable_path/Frameworks",
				);
				PRODUCT_BUNDLE_IDENTIFIER = com.animation.amir.AnimationView;
				PRODUCT_NAME = "$(TARGET_NAME)";
				SWIFT_VERSION = 5.0;
				TARGETED_DEVICE_FAMILY = "1,2";
			};
			name = Release;
		};
/* End XCBuildConfiguration section */

/* Begin XCConfigurationList section */
		F4F4F3B3240CFABD00636764 /* Build configuration list for PBXProject "AnimationView" */ = {
			isa = XCConfigurationList;
			buildConfigurations = (
				F4F4F3CA240CFAC000636764 /* Debug */,
				F4F4F3CB240CFAC000636764 /* Release */,
			);
			defaultConfigurationIsVisible = 0;
			defaultConfigurationName = Release;
		};
		F4F4F3CC240CFAC000636764 /* Build configuration list for PBXNativeTarget "AnimationView" */ = {
			isa = XCConfigurationList;
			buildConfigurations = (
				F4F4F3CD240CFAC000636764 /* Debug */,
				F4F4F3CE240CFAC000636764 /* Release */,
			);
			defaultConfigurationIsVisible = 0;
			defaultConfigurationName = Release;
		};
/* End XCConfigurationList section */
	};
	rootObject = F4F4F3B0240CFABD00636764 /* Project object */;
}
